
Microsoft Visual Studio Solution File, Format Version 12.00
# Visual Studio Version 17
VisualStudioVersion = 17.1.32328.378
MinimumVisualStudioVersion = 10.0.40219.1
Project("{9A19103F-16F7-4668-BE54-9A1E7A4F7556}") = "ListFromFolderApp", "ListFromFolderApp\ListFromFolderApp.csproj", "{0018087F-E5A1-4CFC-8B10-0FD87B8A74D0}"
EndProject
Global
	GlobalSection(SolutionConfigurationPlatforms) = preSolution
		Debug|Any CPU = Debug|Any CPU
		Release|Any CPU = Release|Any CPU
	EndGlobalSection
	GlobalSection(ProjectConfigurationPlatforms) = postSolution
		{0018087F-E5A1-4CFC-8B10-0FD87B8A74D0}.Debug|Any CPU.ActiveCfg = Debug|Any CPU
		{0018087F-E5A1-4CFC-8B10-0FD87B8A74D0}.Debug|Any CPU.Build.0 = Debug|Any CPU
		{0018087F-E5A1-4CFC-8B10-0FD87B8A74D0}.Release|Any CPU.ActiveCfg = Release|Any CPU
		{0018087F-E5A1-4CFC-8B10-0FD87B8A74D0}.Release|Any CPU.Build.0 = Release|Any CPU
	EndGlobalSection
	GlobalSection(SolutionProperties) = preSolution
		HideSolutionNode = FALSE
	EndGlobalSection
	GlobalSection(ExtensibilityGlobals) = postSolution
		SolutionGuid = {D59A35EA-C5C8-4FB1-9177-F65635C0BC7D}
	EndGlobalSection
EndGlobal
